proj_file_hash = "df28818dca769bba98f05c5a026280f4"

[[dependencies]]
name = "binary-heap"
version = "0.2.1"
path = ".fixlang/deps/binary-heap_0.2.1"

[dependencies.git]
repo = "https://github.com/tttmmmyyyy/fixlang-binary-heap.git"
rev = "aa7af02bb6c93050ec05d3d80693c0a6568e309d"

[[dependencies]]
name = "bool-array"
version = "0.1.2"
path = ".fixlang/deps/bool-array_0.1.2"

[dependencies.git]
repo = "https://github.com/tttmmmyyyy/bool-array.git"
rev = "bcfbde58e945e302751d81b34068885e26f7e611"

[[dependencies]]
name = "ez-scripting"
version = "0.3.2"
path = ".fixlang/deps/ez-scripting_0.3.2"

[dependencies.git]
repo = "https://github.com/tttmmmyyyy/ez_scripting.git"
rev = "f16ba9974ad3b17964b32641e543993db748edf2"

[[dependencies]]
name = "hash"
version = "1.1.2"
path = ".fixlang/deps/hash_1.1.2"

[dependencies.git]
repo = "https://github.com/tttmmmyyyy/fixlang-hash.git"
rev = "dbf95379b6ee7b26ec4858116f24c0251467cb83"

[[dependencies]]
name = "hashmap"
version = "2.0.1"
path = ".fixlang/deps/hashmap_2.0.1"

[dependencies.git]
repo = "https://github.com/tttmmmyyyy/fixlang-hashmap.git"
rev = "103595c593e92849be0b23df5cfee254da274a3e"

[[dependencies]]
name = "random"
version = "1.1.2"
path = ".fixlang/deps/random_1.1.2"

[dependencies.git]
repo = "https://github.com/tttmmmyyyy/fixlang-random.git"
rev = "af8b2ea3f4fb783d86119d1a2504a12d8f2be2c1"

[[dependencies]]
name = "ring-buffer"
version = "0.1.2"
path = ".fixlang/deps/ring-buffer_0.1.2"

[dependencies.git]
repo = "https://github.com/tttmmmyyyy/ring-buffer.git"
rev = "fa520558c0ae040eff99896a743a0e2820748c5e"

[[dependencies]]
name = "subprocess"
version = "1.1.2"
path = ".fixlang/deps/subprocess_1.1.2"

[dependencies.git]
repo = "https://github.com/tttmmmyyyy/fixlang-subprocess.git"
rev = "8015f4ce7eeff4e00b001c9b96680e9e904f736b"
